
Microsoft Visual Studio Solution File, Format Version 12.00
# Visual Studio Version 17
VisualStudioVersion = 17.13.35919.96 d17.13
MinimumVisualStudioVersion = 10.0.40219.1
Project("{FAE04EC0-301F-11D3-BF4B-00C04F79EFBC}") = "SimpleCalculator", "SimpleCalculator\SimpleCalculator.csproj", "{437B6B47-5D6D-4C48-A4DE-CC3BC8875EE4}"
EndProject
Project("{FAE04EC0-301F-11D3-BF4B-00C04F79EFBC}") = "SimpleCalculatorFactory", "SimpleCalculatorFactory\SimpleCalculatorFactory.csproj", "{593C498A-22C4-4A43-ADD1-913EDFE5104A}"
EndProject
Global
	GlobalSection(SolutionConfigurationPlatforms) = preSolution
		Debug|Any CPU = Debug|Any CPU
		Release|Any CPU = Release|Any CPU
	EndGlobalSection
	GlobalSection(ProjectConfigurationPlatforms) = postSolution
		{437B6B47-5D6D-4C48-A4DE-CC3BC8875EE4}.Debug|Any CPU.ActiveCfg = Debug|Any CPU
		{437B6B47-5D6D-4C48-A4DE-CC3BC8875EE4}.Debug|Any CPU.Build.0 = Debug|Any CPU
		{437B6B47-5D6D-4C48-A4DE-CC3BC8875EE4}.Release|Any CPU.ActiveCfg = Release|Any CPU
		{437B6B47-5D6D-4C48-A4DE-CC3BC8875EE4}.Release|Any CPU.Build.0 = Release|Any CPU
		{593C498A-22C4-4A43-ADD1-913EDFE5104A}.Debug|Any CPU.ActiveCfg = Debug|Any CPU
		{593C498A-22C4-4A43-ADD1-913EDFE5104A}.Debug|Any CPU.Build.0 = Debug|Any CPU
		{593C498A-22C4-4A43-ADD1-913EDFE5104A}.Release|Any CPU.ActiveCfg = Release|Any CPU
		{593C498A-22C4-4A43-ADD1-913EDFE5104A}.Release|Any CPU.Build.0 = Release|Any CPU
	EndGlobalSection
	GlobalSection(SolutionProperties) = preSolution
		HideSolutionNode = FALSE
	EndGlobalSection
	GlobalSection(ExtensibilityGlobals) = postSolution
		SolutionGuid = {A67338BE-117C-4CC6-A3B9-AB921FF200A2}
	EndGlobalSection
EndGlobal
